// !$*UTF8*$!
{
	archiveVersion = 1;
	classes = {
	};
	objectVersion = 50;
	objects = {

/* Begin PBXBuildFile section */
		1AB811AC22FDE09300D32976 /* DiffableFetchController.framework in Frameworks */ = {isa = PBXBuildFile; fileRef = 1AB811A222FDE09300D32976 /* DiffableFetchController.framework */; };
		1AB811B122FDE09300D32976 /* DiffableFetchControllerTests.swift in Sources */ = {isa = PBXBuildFile; fileRef = 1AB811B022FDE09300D32976 /* DiffableFetchControllerTests.swift */; };
		1AB811B322FDE09300D32976 /* DiffableFetchController.h in Headers */ = {isa = PBXBuildFile; fileRef = 1AB811A522FDE09300D32976 /* DiffableFetchController.h */; settings = {ATTRIBUTES = (Public, ); }; };
		1AB811BD22FDE14400D32976 /* DiffableFetchController.swift in Sources */ = {isa = PBXBuildFile; fileRef = 1AB811BC22FDE14400D32976 /* DiffableFetchController.swift */; };
		1AB811C122FDE18500D32976 /* NSExpressionDescription+ObjectID.swift in Sources */ = {isa = PBXBuildFile; fileRef = 1AB811BE22FDE18400D32976 /* NSExpressionDescription+ObjectID.swift */; };
		1AB811C222FDE18500D32976 /* Array+Uniqued.swift in Sources */ = {isa = PBXBuildFile; fileRef = 1AB811BF22FDE18500D32976 /* Array+Uniqued.swift */; };
		1AB811C322FDE18500D32976 /* ContextDidSaveNotification.swift in Sources */ = {isa = PBXBuildFile; fileRef = 1AB811C022FDE18500D32976 /* ContextDidSaveNotification.swift */; };
		1AB811CB22FDE22400D32976 /* AppDelegate.swift in Sources */ = {isa = PBXBuildFile; fileRef = 1AB811CA22FDE22400D32976 /* AppDelegate.swift */; };
		1AB811CE22FDE22400D32976 /* DiffableTestApp.xcdatamodeld in Sources */ = {isa = PBXBuildFile; fileRef = 1AB811CC22FDE22400D32976 /* DiffableTestApp.xcdatamodeld */; };
		1AB811D022FDE22400D32976 /* MasterViewController.swift in Sources */ = {isa = PBXBuildFile; fileRef = 1AB811CF22FDE22400D32976 /* MasterViewController.swift */; };
		1AB811D222FDE22400D32976 /* DetailViewController.swift in Sources */ = {isa = PBXBuildFile; fileRef = 1AB811D122FDE22400D32976 /* DetailViewController.swift */; };
		1AB811D522FDE22400D32976 /* Main.storyboard in Resources */ = {isa = PBXBuildFile; fileRef = 1AB811D322FDE22400D32976 /* Main.storyboard */; };
		1AB811D722FDE22600D32976 /* Assets.xcassets in Resources */ = {isa = PBXBuildFile; fileRef = 1AB811D622FDE22600D32976 /* Assets.xcassets */; };
		1AB811DA22FDE22600D32976 /* LaunchScreen.storyboard in Resources */ = {isa = PBXBuildFile; fileRef = 1AB811D822FDE22600D32976 /* LaunchScreen.storyboard */; };
		1AB811E522FDE22600D32976 /* DiffableTestAppTests.swift in Sources */ = {isa = PBXBuildFile; fileRef = 1AB811E422FDE22600D32976 /* DiffableTestAppTests.swift */; };
		1AB811F322FDE67200D32976 /* Event+CoreDataClass.swift in Sources */ = {isa = PBXBuildFile; fileRef = 1AB811EF22FDE67200D32976 /* Event+CoreDataClass.swift */; };
		1AB811F422FDE67200D32976 /* Event+CoreDataProperties.swift in Sources */ = {isa = PBXBuildFile; fileRef = 1AB811F022FDE67200D32976 /* Event+CoreDataProperties.swift */; };
		1AB811F522FDE67200D32976 /* Section+CoreDataClass.swift in Sources */ = {isa = PBXBuildFile; fileRef = 1AB811F122FDE67200D32976 /* Section+CoreDataClass.swift */; };
		1AB811F622FDE67200D32976 /* Section+CoreDataProperties.swift in Sources */ = {isa = PBXBuildFile; fileRef = 1AB811F222FDE67200D32976 /* Section+CoreDataProperties.swift */; };
		1AB811F822FDE7EF00D32976 /* DiffableFetchController.framework in Frameworks */ = {isa = PBXBuildFile; fileRef = 1AB811A222FDE09300D32976 /* DiffableFetchController.framework */; };
		1AB811F922FDE7EF00D32976 /* DiffableFetchController.framework in Embed Frameworks */ = {isa = PBXBuildFile; fileRef = 1AB811A222FDE09300D32976 /* DiffableFetchController.framework */; settings = {ATTRIBUTES = (CodeSignOnCopy, RemoveHeadersOnCopy, ); }; };
/* End PBXBuildFile section */

/* Begin PBXContainerItemProxy section */
		1AB811AD22FDE09300D32976 /* PBXContainerItemProxy */ = {
			isa = PBXContainerItemProxy;
			containerPortal = 1AB8119922FDE09300D32976 /* Project object */;
			proxyType = 1;
			remoteGlobalIDString = 1AB811A122FDE09300D32976;
			remoteInfo = DiffableFetchController;
		};
		1AB811E122FDE22600D32976 /* PBXContainerItemProxy */ = {
			isa = PBXContainerItemProxy;
			containerPortal = 1AB8119922FDE09300D32976 /* Project object */;
			proxyType = 1;
			remoteGlobalIDString = 1AB811C722FDE22400D32976;
			remoteInfo = DiffableTestApp;
		};
		1AB811FA22FDE7EF00D32976 /* PBXContainerItemProxy */ = {
			isa = PBXContainerItemProxy;
			containerPortal = 1AB8119922FDE09300D32976 /* Project object */;
			proxyType = 1;
			remoteGlobalIDString = 1AB811A122FDE09300D32976;
			remoteInfo = DiffableFetchController;
		};
/* End PBXContainerItemProxy section */

/* Begin PBXCopyFilesBuildPhase section */
		1AB811FC22FDE7EF00D32976 /* Embed Frameworks */ = {
			isa = PBXCopyFilesBuildPhase;
			buildActionMask = 2147483647;
			dstPath = "";
			dstSubfolderSpec = 10;
			files = (
				1AB811F922FDE7EF00D32976 /* DiffableFetchController.framework in Embed Frameworks */,
			);
			name = "Embed Frameworks";
			runOnlyForDeploymentPostprocessing = 0;
		};
/* End PBXCopyFilesBuildPhase section */

/* Begin PBXFileReference section */
		1AB811A222FDE09300D32976 /* DiffableFetchController.framework */ = {isa = PBXFileReference; explicitFileType = wrapper.framework; includeInIndex = 0; path = DiffableFetchController.framework; sourceTree = BUILT_PRODUCTS_DIR; };
		1AB811A522FDE09300D32976 /* DiffableFetchController.h */ = {isa = PBXFileReference; lastKnownFileType = sourcecode.c.h; path = DiffableFetchController.h; sourceTree = "<group>"; };
		1AB811A622FDE09300D32976 /* Info.plist */ = {isa = PBXFileReference; lastKnownFileType = text.plist.xml; path = Info.plist; sourceTree = "<group>"; };
		1AB811AB22FDE09300D32976 /* DiffableFetchControllerTests.xctest */ = {isa = PBXFileReference; explicitFileType = wrapper.cfbundle; includeInIndex = 0; path = DiffableFetchControllerTests.xctest; sourceTree = BUILT_PRODUCTS_DIR; };
		1AB811B022FDE09300D32976 /* DiffableFetchControllerTests.swift */ = {isa = PBXFileReference; lastKnownFileType = sourcecode.swift; path = DiffableFetchControllerTests.swift; sourceTree = "<group>"; };
		1AB811B222FDE09300D32976 /* Info.plist */ = {isa = PBXFileReference; lastKnownFileType = text.plist.xml; path = Info.plist; sourceTree = "<group>"; };
		1AB811BC22FDE14400D32976 /* DiffableFetchController.swift */ = {isa = PBXFileReference; fileEncoding = 4; lastKnownFileType = sourcecode.swift; path = DiffableFetchController.swift; sourceTree = "<group>"; };
		1AB811BE22FDE18400D32976 /* NSExpressionDescription+ObjectID.swift */ = {isa = PBXFileReference; fileEncoding = 4; lastKnownFileType = sourcecode.swift; path = "NSExpressionDescription+ObjectID.swift"; sourceTree = "<group>"; };
		1AB811BF22FDE18500D32976 /* Array+Uniqued.swift */ = {isa = PBXFileReference; fileEncoding = 4; lastKnownFileType = sourcecode.swift; path = "Array+Uniqued.swift"; sourceTree = "<group>"; };
		1AB811C022FDE18500D32976 /* ContextDidSaveNotification.swift */ = {isa = PBXFileReference; fileEncoding = 4; lastKnownFileType = sourcecode.swift; path = ContextDidSaveNotification.swift; sourceTree = "<group>"; };
		1AB811C822FDE22400D32976 /* DiffableTestApp.app */ = {isa = PBXFileReference; explicitFileType = wrapper.application; includeInIndex = 0; path = DiffableTestApp.app; sourceTree = BUILT_PRODUCTS_DIR; };
		1AB811CA22FDE22400D32976 /* AppDelegate.swift */ = {isa = PBXFileReference; lastKnownFileType = sourcecode.swift; path = AppDelegate.swift; sourceTree = "<group>"; };
		1AB811CD22FDE22400D32976 /* DiffableTestApp.xcdatamodel */ = {isa = PBXFileReference; lastKnownFileType = wrapper.xcdatamodel; path = DiffableTestApp.xcdatamodel; sourceTree = "<group>"; };
		1AB811CF22FDE22400D32976 /* MasterViewController.swift */ = {isa = PBXFileReference; lastKnownFileType = sourcecode.swift; path = MasterViewController.swift; sourceTree = "<group>"; };
		1AB811D122FDE22400D32976 /* DetailViewController.swift */ = {isa = PBXFileReference; lastKnownFileType = sourcecode.swift; path = DetailViewController.swift; sourceTree = "<group>"; };
		1AB811D422FDE22400D32976 /* Base */ = {isa = PBXFileReference; lastKnownFileType = file.storyboard; name = Base; path = Base.lproj/Main.storyboard; sourceTree = "<group>"; };
		1AB811D622FDE22600D32976 /* Assets.xcassets */ = {isa = PBXFileReference; lastKnownFileType = folder.assetcatalog; path = Assets.xcassets; sourceTree = "<group>"; };
		1AB811D922FDE22600D32976 /* Base */ = {isa = PBXFileReference; lastKnownFileType = file.storyboard; name = Base; path = Base.lproj/LaunchScreen.storyboard; sourceTree = "<group>"; };
		1AB811DB22FDE22600D32976 /* Info.plist */ = {isa = PBXFileReference; lastKnownFileType = text.plist.xml; path = Info.plist; sourceTree = "<group>"; };
		1AB811E022FDE22600D32976 /* DiffableTestAppTests.xctest */ = {isa = PBXFileReference; explicitFileType = wrapper.cfbundle; includeInIndex = 0; path = DiffableTestAppTests.xctest; sourceTree = BUILT_PRODUCTS_DIR; };
		1AB811E422FDE22600D32976 /* DiffableTestAppTests.swift */ = {isa = PBXFileReference; lastKnownFileType = sourcecode.swift; path = DiffableTestAppTests.swift; sourceTree = "<group>"; };
		1AB811E622FDE22600D32976 /* Info.plist */ = {isa = PBXFileReference; lastKnownFileType = text.plist.xml; path = Info.plist; sourceTree = "<group>"; };
		1AB811EF22FDE67200D32976 /* Event+CoreDataClass.swift */ = {isa = PBXFileReference; lastKnownFileType = sourcecode.swift; path = "Event+CoreDataClass.swift"; sourceTree = "<group>"; };
		1AB811F022FDE67200D32976 /* Event+CoreDataProperties.swift */ = {isa = PBXFileReference; lastKnownFileType = sourcecode.swift; path = "Event+CoreDataProperties.swift"; sourceTree = "<group>"; };
		1AB811F122FDE67200D32976 /* Section+CoreDataClass.swift */ = {isa = PBXFileReference; lastKnownFileType = sourcecode.swift; path = "Section+CoreDataClass.swift"; sourceTree = "<group>"; };
		1AB811F222FDE67200D32976 /* Section+CoreDataProperties.swift */ = {isa = PBXFileReference; lastKnownFileType = sourcecode.swift; path = "Section+CoreDataProperties.swift"; sourceTree = "<group>"; };
/* End PBXFileReference section */

/* Begin PBXFrameworksBuildPhase section */
		1AB8119F22FDE09300D32976 /* Frameworks */ = {
			isa = PBXFrameworksBuildPhase;
			buildActionMask = 2147483647;
			files = (
			);
			runOnlyForDeploymentPostprocessing = 0;
		};
		1AB811A822FDE09300D32976 /* Frameworks */ = {
			isa = PBXFrameworksBuildPhase;
			buildActionMask = 2147483647;
			files = (
				1AB811AC22FDE09300D32976 /* DiffableFetchController.framework in Frameworks */,
			);
			runOnlyForDeploymentPostprocessing = 0;
		};
		1AB811C522FDE22400D32976 /* Frameworks */ = {
			isa = PBXFrameworksBuildPhase;
			buildActionMask = 2147483647;
			files = (
				1AB811F822FDE7EF00D32976 /* DiffableFetchController.framework in Frameworks */,
			);
			runOnlyForDeploymentPostprocessing = 0;
		};
		1AB811DD22FDE22600D32976 /* Frameworks */ = {
			isa = PBXFrameworksBuildPhase;
			buildActionMask = 2147483647;
			files = (
			);
			runOnlyForDeploymentPostprocessing = 0;
		};
/* End PBXFrameworksBuildPhase section */

/* Begin PBXGroup section */
		1AB8119822FDE09300D32976 = {
			isa = PBXGroup;
			children = (
				1AB811A422FDE09300D32976 /* DiffableFetchController */,
				1AB811AF22FDE09300D32976 /* DiffableFetchControllerTests */,
				1AB811C922FDE22400D32976 /* DiffableTestApp */,
				1AB811E322FDE22600D32976 /* DiffableTestAppTests */,
				1AB811A322FDE09300D32976 /* Products */,
				1AB811F722FDE7EF00D32976 /* Frameworks */,
			);
			sourceTree = "<group>";
		};
		1AB811A322FDE09300D32976 /* Products */ = {
			isa = PBXGroup;
			children = (
				1AB811A222FDE09300D32976 /* DiffableFetchController.framework */,
				1AB811AB22FDE09300D32976 /* DiffableFetchControllerTests.xctest */,
				1AB811C822FDE22400D32976 /* DiffableTestApp.app */,
				1AB811E022FDE22600D32976 /* DiffableTestAppTests.xctest */,
			);
			name = Products;
			sourceTree = "<group>";
		};
		1AB811A422FDE09300D32976 /* DiffableFetchController */ = {
			isa = PBXGroup;
			children = (
				1AB811A522FDE09300D32976 /* DiffableFetchController.h */,
				1AB811BC22FDE14400D32976 /* DiffableFetchController.swift */,
				1AB811BF22FDE18500D32976 /* Array+Uniqued.swift */,
				1AB811BE22FDE18400D32976 /* NSExpressionDescription+ObjectID.swift */,
				1AB811C022FDE18500D32976 /* ContextDidSaveNotification.swift */,
				1AB811A622FDE09300D32976 /* Info.plist */,
			);
			path = DiffableFetchController;
			sourceTree = "<group>";
		};
		1AB811AF22FDE09300D32976 /* DiffableFetchControllerTests */ = {
			isa = PBXGroup;
			children = (
				1AB811B022FDE09300D32976 /* DiffableFetchControllerTests.swift */,
				1AB811B222FDE09300D32976 /* Info.plist */,
			);
			path = DiffableFetchControllerTests;
			sourceTree = "<group>";
		};
		1AB811C922FDE22400D32976 /* DiffableTestApp */ = {
			isa = PBXGroup;
			children = (
				1AB811CA22FDE22400D32976 /* AppDelegate.swift */,
				1AB811CF22FDE22400D32976 /* MasterViewController.swift */,
				1AB811D122FDE22400D32976 /* DetailViewController.swift */,
				1AB811D322FDE22400D32976 /* Main.storyboard */,
				1AB811D622FDE22600D32976 /* Assets.xcassets */,
				1AB811D822FDE22600D32976 /* LaunchScreen.storyboard */,
				1AB811DB22FDE22600D32976 /* Info.plist */,
				1AB811CC22FDE22400D32976 /* DiffableTestApp.xcdatamodeld */,
				1AB811EF22FDE67200D32976 /* Event+CoreDataClass.swift */,
				1AB811F022FDE67200D32976 /* Event+CoreDataProperties.swift */,
				1AB811F122FDE67200D32976 /* Section+CoreDataClass.swift */,
				1AB811F222FDE67200D32976 /* Section+CoreDataProperties.swift */,
			);
			path = DiffableTestApp;
			sourceTree = "<group>";
		};
		1AB811E322FDE22600D32976 /* DiffableTestAppTests */ = {
			isa = PBXGroup;
			children = (
				1AB811E422FDE22600D32976 /* DiffableTestAppTests.swift */,
				1AB811E622FDE22600D32976 /* Info.plist */,
			);
			path = DiffableTestAppTests;
			sourceTree = "<group>";
		};
		1AB811F722FDE7EF00D32976 /* Frameworks */ = {
			isa = PBXGroup;
			children = (
			);
			name = Frameworks;
			sourceTree = "<group>";
		};
/* End PBXGroup section */

/* Begin PBXHeadersBuildPhase section */
		1AB8119D22FDE09300D32976 /* Headers */ = {
			isa = PBXHeadersBuildPhase;
			buildActionMask = 2147483647;
			files = (
				1AB811B322FDE09300D32976 /* DiffableFetchController.h in Headers */,
			);
			runOnlyForDeploymentPostprocessing = 0;
		};
/* End PBXHeadersBuildPhase section */

/* Begin PBXNativeTarget section */
		1AB811A122FDE09300D32976 /* DiffableFetchController */ = {
			isa = PBXNativeTarget;
			buildConfigurationList = 1AB811B622FDE09300D32976 /* Build configuration list for PBXNativeTarget "DiffableFetchController" */;
			buildPhases = (
				1AB8119D22FDE09300D32976 /* Headers */,
				1AB8119E22FDE09300D32976 /* Sources */,
				1AB8119F22FDE09300D32976 /* Frameworks */,
				1AB811A022FDE09300D32976 /* Resources */,
			);
			buildRules = (
			);
			dependencies = (
			);
			name = DiffableFetchController;
			productName = DiffableFetchController;
			productReference = 1AB811A222FDE09300D32976 /* DiffableFetchController.framework */;
			productType = "com.apple.product-type.framework";
		};
		1AB811AA22FDE09300D32976 /* DiffableFetchControllerTests */ = {
			isa = PBXNativeTarget;
			buildConfigurationList = 1AB811B922FDE09300D32976 /* Build configuration list for PBXNativeTarget "DiffableFetchControllerTests" */;
			buildPhases = (
				1AB811A722FDE09300D32976 /* Sources */,
				1AB811A822FDE09300D32976 /* Frameworks */,
				1AB811A922FDE09300D32976 /* Resources */,
			);
			buildRules = (
			);
			dependencies = (
				1AB811AE22FDE09300D32976 /* PBXTargetDependency */,
			);
			name = DiffableFetchControllerTests;
			productName = DiffableFetchControllerTests;
			productReference = 1AB811AB22FDE09300D32976 /* DiffableFetchControllerTests.xctest */;
			productType = "com.apple.product-type.bundle.unit-test";
		};
		1AB811C722FDE22400D32976 /* DiffableTestApp */ = {
			isa = PBXNativeTarget;
			buildConfigurationList = 1AB811E722FDE22600D32976 /* Build configuration list for PBXNativeTarget "DiffableTestApp" */;
			buildPhases = (
				1AB811C422FDE22400D32976 /* Sources */,
				1AB811C522FDE22400D32976 /* Frameworks */,
				1AB811C622FDE22400D32976 /* Resources */,
				1AB811FC22FDE7EF00D32976 /* Embed Frameworks */,
			);
			buildRules = (
			);
			dependencies = (
				1AB811FB22FDE7EF00D32976 /* PBXTargetDependency */,
			);
			name = DiffableTestApp;
			productName = DiffableTestApp;
			productReference = 1AB811C822FDE22400D32976 /* DiffableTestApp.app */;
			productType = "com.apple.product-type.application";
		};
		1AB811DF22FDE22600D32976 /* DiffableTestAppTests */ = {
			isa = PBXNativeTarget;
			buildConfigurationList = 1AB811EA22FDE22600D32976 /* Build configuration list for PBXNativeTarget "DiffableTestAppTests" */;
			buildPhases = (
				1AB811DC22FDE22600D32976 /* Sources */,
				1AB811DD22FDE22600D32976 /* Frameworks */,
				1AB811DE22FDE22600D32976 /* Resources */,
			);
			buildRules = (
			);
			dependencies = (
				1AB811E222FDE22600D32976 /* PBXTargetDependency */,
			);
			name = DiffableTestAppTests;
			productName = DiffableTestAppTests;
			productReference = 1AB811E022FDE22600D32976 /* DiffableTestAppTests.xctest */;
			productType = "com.apple.product-type.bundle.unit-test";
		};
/* End PBXNativeTarget section */

/* Begin PBXProject section */
		1AB8119922FDE09300D32976 /* Project object */ = {
			isa = PBXProject;
			attributes = {
				LastSwiftUpdateCheck = 1100;
				LastUpgradeCheck = 1100;
				ORGANIZATIONNAME = "Tech For Tomorrow, Inc.";
				TargetAttributes = {
					1AB811A122FDE09300D32976 = {
						CreatedOnToolsVersion = 11.0;
						LastSwiftMigration = 1100;
					};
					1AB811AA22FDE09300D32976 = {
						CreatedOnToolsVersion = 11.0;
					};
					1AB811C722FDE22400D32976 = {
						CreatedOnToolsVersion = 11.0;
					};
					1AB811DF22FDE22600D32976 = {
						CreatedOnToolsVersion = 11.0;
						TestTargetID = 1AB811C722FDE22400D32976;
					};
				};
			};
			buildConfigurationList = 1AB8119C22FDE09300D32976 /* Build configuration list for PBXProject "DiffableFetchController" */;
			compatibilityVersion = "Xcode 9.3";
			developmentRegion = en;
			hasScannedForEncodings = 0;
			knownRegions = (
				en,
				Base,
			);
			mainGroup = 1AB8119822FDE09300D32976;
			productRefGroup = 1AB811A322FDE09300D32976 /* Products */;
			projectDirPath = "";
			projectRoot = "";
			targets = (
				1AB811A122FDE09300D32976 /* DiffableFetchController */,
				1AB811AA22FDE09300D32976 /* DiffableFetchControllerTests */,
				1AB811C722FDE22400D32976 /* DiffableTestApp */,
				1AB811DF22FDE22600D32976 /* DiffableTestAppTests */,
			);
		};
/* End PBXProject section */

/* Begin PBXResourcesBuildPhase section */
		1AB811A022FDE09300D32976 /* Resources */ = {
			isa = PBXResourcesBuildPhase;
			buildActionMask = 2147483647;
			files = (
			);
			runOnlyForDeploymentPostprocessing = 0;
		};
		1AB811A922FDE09300D32976 /* Resources */ = {
			isa = PBXResourcesBuildPhase;
			buildActionMask = 2147483647;
			files = (
			);
			runOnlyForDeploymentPostprocessing = 0;
		};
		1AB811C622FDE22400D32976 /* Resources */ = {
			isa = PBXResourcesBuildPhase;
			buildActionMask = 2147483647;
			files = (
				1AB811DA22FDE22600D32976 /* LaunchScreen.storyboard in Resources */,
				1AB811D722FDE22600D32976 /* Assets.xcassets in Resources */,
				1AB811D522FDE22400D32976 /* Main.storyboard in Resources */,
			);
			runOnlyForDeploymentPostprocessing = 0;
		};
		1AB811DE22FDE22600D32976 /* Resources */ = {
			isa = PBXResourcesBuildPhase;
			buildActionMask = 2147483647;
			files = (
			);
			runOnlyForDeploymentPostprocessing = 0;
		};
/* End PBXResourcesBuildPhase section */

/* Begin PBXSourcesBuildPhase section */
		1AB8119E22FDE09300D32976 /* Sources */ = {
			isa = PBXSourcesBuildPhase;
			buildActionMask = 2147483647;
			files = (
				1AB811BD22FDE14400D32976 /* DiffableFetchController.swift in Sources */,
				1AB811C322FDE18500D32976 /* ContextDidSaveNotification.swift in Sources */,
				1AB811C222FDE18500D32976 /* Array+Uniqued.swift in Sources */,
				1AB811C122FDE18500D32976 /* NSExpressionDescription+ObjectID.swift in Sources */,
			);
			runOnlyForDeploymentPostprocessing = 0;
		};
		1AB811A722FDE09300D32976 /* Sources */ = {
			isa = PBXSourcesBuildPhase;
			buildActionMask = 2147483647;
			files = (
				1AB811B122FDE09300D32976 /* DiffableFetchControllerTests.swift in Sources */,
			);
			runOnlyForDeploymentPostprocessing = 0;
		};
		1AB811C422FDE22400D32976 /* Sources */ = {
			isa = PBXSourcesBuildPhase;
			buildActionMask = 2147483647;
			files = (
				1AB811CE22FDE22400D32976 /* DiffableTestApp.xcdatamodeld in Sources */,
				1AB811CB22FDE22400D32976 /* AppDelegate.swift in Sources */,
				1AB811D022FDE22400D32976 /* MasterViewController.swift in Sources */,
				1AB811F422FDE67200D32976 /* Event+CoreDataProperties.swift in Sources */,
				1AB811D222FDE22400D32976 /* DetailViewController.swift in Sources */,
				1AB811F622FDE67200D32976 /* Section+CoreDataProperties.swift in Sources */,
				1AB811F322FDE67200D32976 /* Event+CoreDataClass.swift in Sources */,
				1AB811F522FDE67200D32976 /* Section+CoreDataClass.swift in Sources */,
			);
			runOnlyForDeploymentPostprocessing = 0;
		};
		1AB811DC22FDE22600D32976 /* Sources */ = {
			isa = PBXSourcesBuildPhase;
			buildActionMask = 2147483647;
			files = (
				1AB811E522FDE22600D32976 /* DiffableTestAppTests.swift in Sources */,
			);
			runOnlyForDeploymentPostprocessing = 0;
		};
/* End PBXSourcesBuildPhase section */

/* Begin PBXTargetDependency section */
		1AB811AE22FDE09300D32976 /* PBXTargetDependency */ = {
			isa = PBXTargetDependency;
			target = 1AB811A122FDE09300D32976 /* DiffableFetchController */;
			targetProxy = 1AB811AD22FDE09300D32976 /* PBXContainerItemProxy */;
		};
		1AB811E222FDE22600D32976 /* PBXTargetDependency */ = {
			isa = PBXTargetDependency;
			target = 1AB811C722FDE22400D32976 /* DiffableTestApp */;
			targetProxy = 1AB811E122FDE22600D32976 /* PBXContainerItemProxy */;
		};
		1AB811FB22FDE7EF00D32976 /* PBXTargetDependency */ = {
			isa = PBXTargetDependency;
			target = 1AB811A122FDE09300D32976 /* DiffableFetchController */;
			targetProxy = 1AB811FA22FDE7EF00D32976 /* PBXContainerItemProxy */;
		};
/* End PBXTargetDependency section */

/* Begin PBXVariantGroup section */
		1AB811D322FDE22400D32976 /* Main.storyboard */ = {
			isa = PBXVariantGroup;
			children = (
				1AB811D422FDE22400D32976 /* Base */,
			);
			name = Main.storyboard;
			sourceTree = "<group>";
		};
		1AB811D822FDE22600D32976 /* LaunchScreen.storyboard */ = {
			isa = PBXVariantGroup;
			children = (
				1AB811D922FDE22600D32976 /* Base */,
			);
			name = LaunchScreen.storyboard;
			sourceTree = "<group>";
		};
/* End PBXVariantGroup section */

/* Begin XCBuildConfiguration section */
		1AB811B422FDE09300D32976 /* Debug */ = {
			isa = XCBuildConfiguration;
			buildSettings = {
				ALWAYS_SEARCH_USER_PATHS = NO;
				CLANG_ANALYZER_NONNULL = YES;
				CLANG_ANALYZER_NUMBER_OBJECT_CONVERSION = YES_AGGRESSIVE;
				CLANG_CXX_LANGUAGE_STANDARD = "gnu++14";
				CLANG_CXX_LIBRARY = "libc++";
				CLANG_ENABLE_MODULES = YES;
				CLANG_ENABLE_OBJC_ARC = YES;
				CLANG_ENABLE_OBJC_WEAK = YES;
				CLANG_WARN_BLOCK_CAPTURE_AUTORELEASING = YES;
				CLANG_WARN_BOOL_CONVERSION = YES;
				CLANG_WARN_COMMA = YES;
				CLANG_WARN_CONSTANT_CONVERSION = YES;
				CLANG_WARN_DEPRECATED_OBJC_IMPLEMENTATIONS = YES;
				CLANG_WARN_DIRECT_OBJC_ISA_USAGE = YES_ERROR;
				CLANG_WARN_DOCUMENTATION_COMMENTS = YES;
				CLANG_WARN_EMPTY_BODY = YES;
				CLANG_WARN_ENUM_CONVERSION = YES;
				CLANG_WARN_INFINITE_RECURSION = YES;
				CLANG_WARN_INT_CONVERSION = YES;
				CLANG_WARN_NON_LITERAL_NULL_CONVERSION = YES;
				CLANG_WARN_OBJC_IMPLICIT_RETAIN_SELF = YES;
				CLANG_WARN_OBJC_LITERAL_CONVERSION = YES;
				CLANG_WARN_OBJC_ROOT_CLASS = YES_ERROR;
				CLANG_WARN_RANGE_LOOP_ANALYSIS = YES;
				CLANG_WARN_STRICT_PROTOTYPES = YES;
				CLANG_WARN_SUSPICIOUS_MOVE = YES;
				CLANG_WARN_UNGUARDED_AVAILABILITY = YES_AGGRESSIVE;
				CLANG_WARN_UNREACHABLE_CODE = YES;
				CLANG_WARN__DUPLICATE_METHOD_MATCH = YES;
				COPY_PHASE_STRIP = NO;
				CURRENT_PROJECT_VERSION = 1;
				DEBUG_INFORMATION_FORMAT = dwarf;
				ENABLE_STRICT_OBJC_MSGSEND = YES;
				ENABLE_TESTABILITY = YES;
				GCC_C_LANGUAGE_STANDARD = gnu11;
				GCC_DYNAMIC_NO_PIC = NO;
				GCC_NO_COMMON_BLOCKS = YES;
				GCC_OPTIMIZATION_LEVEL = 0;
				GCC_PREPROCESSOR_DEFINITIONS = (
					"DEBUG=1",
					"$(inherited)",
				);
				GCC_WARN_64_TO_32_BIT_CONVERSION = YES;
				GCC_WARN_ABOUT_RETURN_TYPE = YES_ERROR;
				GCC_WARN_UNDECLARED_SELECTOR = YES;
				GCC_WARN_UNINITIALIZED_AUTOS = YES_AGGRESSIVE;
				GCC_WARN_UNUSED_FUNCTION = YES;
				GCC_WARN_UNUSED_VARIABLE = YES;
				IPHONEOS_DEPLOYMENT_TARGET = 13.0;
				MTL_ENABLE_DEBUG_INFO = INCLUDE_SOURCE;
				MTL_FAST_MATH = YES;
				ONLY_ACTIVE_ARCH = YES;
				SDKROOT = iphoneos;
				SWIFT_ACTIVE_COMPILATION_CONDITIONS = DEBUG;
				SWIFT_OPTIMIZATION_LEVEL = "-Onone";
				VERSIONING_SYSTEM = "apple-generic";
				VERSION_INFO_PREFIX = "";
			};
			name = Debug;
		};
		1AB811B522FDE09300D32976 /* Release */ = {
			isa = XCBuildConfiguration;
			buildSettings = {
				ALWAYS_SEARCH_USER_PATHS = NO;
				CLANG_ANALYZER_NONNULL = YES;
				CLANG_ANALYZER_NUMBER_OBJECT_CONVERSION = YES_AGGRESSIVE;
				CLANG_CXX_LANGUAGE_STANDARD = "gnu++14";
				CLANG_CXX_LIBRARY = "libc++";
				CLANG_ENABLE_MODULES = YES;
				CLANG_ENABLE_OBJC_ARC = YES;
				CLANG_ENABLE_OBJC_WEAK = YES;
				CLANG_WARN_BLOCK_CAPTURE_AUTORELEASING = YES;
				CLANG_WARN_BOOL_CONVERSION = YES;
				CLANG_WARN_COMMA = YES;
				CLANG_WARN_CONSTANT_CONVERSION = YES;
				CLANG_WARN_DEPRECATED_OBJC_IMPLEMENTATIONS = YES;
				CLANG_WARN_DIRECT_OBJC_ISA_USAGE = YES_ERROR;
				CLANG_WARN_DOCUMENTATION_COMMENTS = YES;
				CLANG_WARN_EMPTY_BODY = YES;
				CLANG_WARN_ENUM_CONVERSION = YES;
				CLANG_WARN_INFINITE_RECURSION = YES;
				CLANG_WARN_INT_CONVERSION = YES;
				CLANG_WARN_NON_LITERAL_NULL_CONVERSION = YES;
				CLANG_WARN_OBJC_IMPLICIT_RETAIN_SELF = YES;
				CLANG_WARN_OBJC_LITERAL_CONVERSION = YES;
				CLANG_WARN_OBJC_ROOT_CLASS = YES_ERROR;
				CLANG_WARN_RANGE_LOOP_ANALYSIS = YES;
				CLANG_WARN_STRICT_PROTOTYPES = YES;
				CLANG_WARN_SUSPICIOUS_MOVE = YES;
				CLANG_WARN_UNGUARDED_AVAILABILITY = YES_AGGRESSIVE;
				CLANG_WARN_UNREACHABLE_CODE = YES;
				CLANG_WARN__DUPLICATE_METHOD_MATCH = YES;
				COPY_PHASE_STRIP = NO;
				CURRENT_PROJECT_VERSION = 1;
				DEBUG_INFORMATION_FORMAT = "dwarf-with-dsym";
				ENABLE_NS_ASSERTIONS = NO;
				ENABLE_STRICT_OBJC_MSGSEND = YES;
				GCC_C_LANGUAGE_STANDARD = gnu11;
				GCC_NO_COMMON_BLOCKS = YES;
				GCC_WARN_64_TO_32_BIT_CONVERSION = YES;
				GCC_WARN_ABOUT_RETURN_TYPE = YES_ERROR;
				GCC_WARN_UNDECLARED_SELECTOR = YES;
				GCC_WARN_UNINITIALIZED_AUTOS = YES_AGGRESSIVE;
				GCC_WARN_UNUSED_FUNCTION = YES;
				GCC_WARN_UNUSED_VARIABLE = YES;
				IPHONEOS_DEPLOYMENT_TARGET = 13.0;
				MTL_ENABLE_DEBUG_INFO = NO;
				MTL_FAST_MATH = YES;
				SDKROOT = iphoneos;
				SWIFT_COMPILATION_MODE = wholemodule;
				SWIFT_OPTIMIZATION_LEVEL = "-O";
				VALIDATE_PRODUCT = YES;
				VERSIONING_SYSTEM = "apple-generic";
				VERSION_INFO_PREFIX = "";
			};
			name = Release;
		};
		1AB811B722FDE09300D32976 /* Debug */ = {
			isa = XCBuildConfiguration;
			buildSettings = {
				CLANG_ENABLE_MODULES = YES;
				CODE_SIGN_STYLE = Automatic;
				DEFINES_MODULE = YES;
				DEVELOPMENT_TEAM = UR8UBU97V2;
				DYLIB_COMPATIBILITY_VERSION = 1;
				DYLIB_CURRENT_VERSION = 1;
				DYLIB_INSTALL_NAME_BASE = "@rpath";
				INFOPLIST_FILE = DiffableFetchController/Info.plist;
				INSTALL_PATH = "$(LOCAL_LIBRARY_DIR)/Frameworks";
				LD_RUNPATH_SEARCH_PATHS = (
					"$(inherited)",
					"@executable_path/Frameworks",
					"@loader_path/Frameworks",
				);
				PRODUCT_BUNDLE_IDENTIFIER = net.tech4tomorrow.iOS.DiffableFetchController;
				PRODUCT_NAME = "$(TARGET_NAME:c99extidentifier)";
				SKIP_INSTALL = YES;
				SWIFT_OPTIMIZATION_LEVEL = "-Onone";
				SWIFT_VERSION = 5.0;
				TARGETED_DEVICE_FAMILY = "1,2";
			};
			name = Debug;
		};
		1AB811B822FDE09300D32976 /* Release */ = {
			isa = XCBuildConfiguration;
			buildSettings = {
				CLANG_ENABLE_MODULES = YES;
				CODE_SIGN_STYLE = Automatic;
				DEFINES_MODULE = YES;
				DEVELOPMENT_TEAM = UR8UBU97V2;
				DYLIB_COMPATIBILITY_VERSION = 1;
				DYLIB_CURRENT_VERSION = 1;
				DYLIB_INSTALL_NAME_BASE = "@rpath";
				INFOPLIST_FILE = DiffableFetchController/Info.plist;
				INSTALL_PATH = "$(LOCAL_LIBRARY_DIR)/Frameworks";
				LD_RUNPATH_SEARCH_PATHS = (
					"$(inherited)",
					"@executable_path/Frameworks",
					"@loader_path/Frameworks",
				);
				PRODUCT_BUNDLE_IDENTIFIER = net.tech4tomorrow.iOS.DiffableFetchController;
				PRODUCT_NAME = "$(TARGET_NAME:c99extidentifier)";
				SKIP_INSTALL = YES;
				SWIFT_VERSION = 5.0;
				TARGETED_DEVICE_FAMILY = "1,2";
			};
			name = Release;
		};
		1AB811BA22FDE09300D32976 /* Debug */ = {
			isa = XCBuildConfiguration;
			buildSettings = {
				ALWAYS_EMBED_SWIFT_STANDARD_LIBRARIES = YES;
				CODE_SIGN_STYLE = Automatic;
				DEVELOPMENT_TEAM = UR8UBU97V2;
				INFOPLIST_FILE = DiffableFetchControllerTests/Info.plist;
				LD_RUNPATH_SEARCH_PATHS = (
					"$(inherited)",
					"@executable_path/Frameworks",
					"@loader_path/Frameworks",
				);
				PRODUCT_BUNDLE_IDENTIFIER = net.tech4tomorrow.iOS.DiffableFetchControllerTests;
				PRODUCT_NAME = "$(TARGET_NAME)";
				SWIFT_VERSION = 5.0;
				TARGETED_DEVICE_FAMILY = "1,2";
			};
			name = Debug;
		};
		1AB811BB22FDE09300D32976 /* Release */ = {
			isa = XCBuildConfiguration;
			buildSettings = {
				ALWAYS_EMBED_SWIFT_STANDARD_LIBRARIES = YES;
				CODE_SIGN_STYLE = Automatic;
				DEVELOPMENT_TEAM = UR8UBU97V2;
				INFOPLIST_FILE = DiffableFetchControllerTests/Info.plist;
				LD_RUNPATH_SEARCH_PATHS = (
					"$(inherited)",
					"@executable_path/Frameworks",
					"@loader_path/Frameworks",
				);
				PRODUCT_BUNDLE_IDENTIFIER = net.tech4tomorrow.iOS.DiffableFetchControllerTests;
				PRODUCT_NAME = "$(TARGET_NAME)";
				SWIFT_VERSION = 5.0;
				TARGETED_DEVICE_FAMILY = "1,2";
			};
			name = Release;
		};
		1AB811E822FDE22600D32976 /* Debug */ = {
			isa = XCBuildConfiguration;
			buildSettings = {
				ASSETCATALOG_COMPILER_APPICON_NAME = AppIcon;
				CODE_SIGN_STYLE = Automatic;
				DEVELOPMENT_TEAM = UR8UBU97V2;
				INFOPLIST_FILE = DiffableTestApp/Info.plist;
				LD_RUNPATH_SEARCH_PATHS = (
					"$(inherited)",
					"@executable_path/Frameworks",
				);
				PRODUCT_BUNDLE_IDENTIFIER = net.tech4tomorrow.iOS.DiffableTestApp;
				PRODUCT_NAME = "$(TARGET_NAME)";
				SWIFT_VERSION = 5.0;
				TARGETED_DEVICE_FAMILY = "1,2";
			};
			name = Debug;
		};
		1AB811E922FDE22600D32976 /* Release */ = {
			isa = XCBuildConfiguration;
			buildSettings = {
				ASSETCATALOG_COMPILER_APPICON_NAME = AppIcon;
				CODE_SIGN_STYLE = Automatic;
				DEVELOPMENT_TEAM = UR8UBU97V2;
				INFOPLIST_FILE = DiffableTestApp/Info.plist;
				LD_RUNPATH_SEARCH_PATHS = (
					"$(inherited)",
					"@executable_path/Frameworks",
				);
				PRODUCT_BUNDLE_IDENTIFIER = net.tech4tomorrow.iOS.DiffableTestApp;
				PRODUCT_NAME = "$(TARGET_NAME)";
				SWIFT_VERSION = 5.0;
				TARGETED_DEVICE_FAMILY = "1,2";
			};
			name = Release;
		};
		1AB811EB22FDE22600D32976 /* Debug */ = {
			isa = XCBuildConfiguration;
			buildSettings = {
				ALWAYS_EMBED_SWIFT_STANDARD_LIBRARIES = YES;
				BUNDLE_LOADER = "$(TEST_HOST)";
				CODE_SIGN_STYLE = Automatic;
				DEVELOPMENT_TEAM = UR8UBU97V2;
				INFOPLIST_FILE = DiffableTestAppTests/Info.plist;
				LD_RUNPATH_SEARCH_PATHS = (
					"$(inherited)",
					"@executable_path/Frameworks",
					"@loader_path/Frameworks",
				);
				PRODUCT_BUNDLE_IDENTIFIER = net.tech4tomorrow.iOS.DiffableTestAppTests;
				PRODUCT_NAME = "$(TARGET_NAME)";
				SWIFT_VERSION = 5.0;
				TARGETED_DEVICE_FAMILY = "1,2";
				TEST_HOST = "$(BUILT_PRODUCTS_DIR)/DiffableTestApp.app/DiffableTestApp";
			};
			name = Debug;
		};
		1AB811EC22FDE22600D32976 /* Release */ = {
			isa = XCBuildConfiguration;
			buildSettings = {
				ALWAYS_EMBED_SWIFT_STANDARD_LIBRARIES = YES;
				BUNDLE_LOADER = "$(TEST_HOST)";
				CODE_SIGN_STYLE = Automatic;
				DEVELOPMENT_TEAM = UR8UBU97V2;
				INFOPLIST_FILE = DiffableTestAppTests/Info.plist;
				LD_RUNPATH_SEARCH_PATHS = (
					"$(inherited)",
					"@executable_path/Frameworks",
					"@loader_path/Frameworks",
				);
				PRODUCT_BUNDLE_IDENTIFIER = net.tech4tomorrow.iOS.DiffableTestAppTests;
				PRODUCT_NAME = "$(TARGET_NAME)";
				SWIFT_VERSION = 5.0;
				TARGETED_DEVICE_FAMILY = "1,2";
				TEST_HOST = "$(BUILT_PRODUCTS_DIR)/DiffableTestApp.app/DiffableTestApp";
			};
			name = Release;
		};
/* End XCBuildConfiguration section */

/* Begin XCConfigurationList section */
		1AB8119C22FDE09300D32976 /* Build configuration list for PBXProject "DiffableFetchController" */ = {
			isa = XCConfigurationList;
			buildConfigurations = (
				1AB811B422FDE09300D32976 /* Debug */,
				1AB811B522FDE09300D32976 /* Release */,
			);
			defaultConfigurationIsVisible = 0;
			defaultConfigurationName = Release;
		};
		1AB811B622FDE09300D32976 /* Build configuration list for PBXNativeTarget "DiffableFetchController" */ = {
			isa = XCConfigurationList;
			buildConfigurations = (
				1AB811B722FDE09300D32976 /* Debug */,
				1AB811B822FDE09300D32976 /* Release */,
			);
			defaultConfigurationIsVisible = 0;
			defaultConfigurationName = Release;
		};
		1AB811B922FDE09300D32976 /* Build configuration list for PBXNativeTarget "DiffableFetchControllerTests" */ = {
			isa = XCConfigurationList;
			buildConfigurations = (
				1AB811BA22FDE09300D32976 /* Debug */,
				1AB811BB22FDE09300D32976 /* Release */,
			);
			defaultConfigurationIsVisible = 0;
			defaultConfigurationName = Release;
		};
		1AB811E722FDE22600D32976 /* Build configuration list for PBXNativeTarget "DiffableTestApp" */ = {
			isa = XCConfigurationList;
			buildConfigurations = (
				1AB811E822FDE22600D32976 /* Debug */,
				1AB811E922FDE22600D32976 /* Release */,
			);
			defaultConfigurationIsVisible = 0;
			defaultConfigurationName = Release;
		};
		1AB811EA22FDE22600D32976 /* Build configuration list for PBXNativeTarget "DiffableTestAppTests" */ = {
			isa = XCConfigurationList;
			buildConfigurations = (
				1AB811EB22FDE22600D32976 /* Debug */,
				1AB811EC22FDE22600D32976 /* Release */,
			);
			defaultConfigurationIsVisible = 0;
			defaultConfigurationName = Release;
		};
/* End XCConfigurationList section */

/* Begin XCVersionGroup section */
		1AB811CC22FDE22400D32976 /* DiffableTestApp.xcdatamodeld */ = {
			isa = XCVersionGroup;
			children = (
				1AB811CD22FDE22400D32976 /* DiffableTestApp.xcdatamodel */,
			);
			currentVersion = 1AB811CD22FDE22400D32976 /* DiffableTestApp.xcdatamodel */;
			path = DiffableTestApp.xcdatamodeld;
			sourceTree = "<group>";
			versionGroupType = wrapper.xcdatamodel;
		};
/* End XCVersionGroup section */
	};
	rootObject = 1AB8119922FDE09300D32976 /* Project object */;
}
